
Microsoft Visual Studio Solution File, Format Version 12.00
# Visual Studio Version 17
VisualStudioVersion = 17.10.34607.79
MinimumVisualStudioVersion = 10.0.40219.1
Project("{FAE04EC0-301F-11D3-BF4B-00C04F79EFBC}") = "Homework1", "Homework1.csproj", "{B9C646D5-9BA4-49C6-A9B9-415779749341}"
EndProject
Global
	GlobalSection(SolutionConfigurationPlatforms) = preSolution
		Debug|Any CPU = Debug|Any CPU
		Release|Any CPU = Release|Any CPU
	EndGlobalSection
	GlobalSection(ProjectConfigurationPlatforms) = postSolution
		{B9C646D5-9BA4-49C6-A9B9-415779749341}.Debug|Any CPU.ActiveCfg = Debug|Any CPU
		{B9C646D5-9BA4-49C6-A9B9-415779749341}.Debug|Any CPU.Build.0 = Debug|Any CPU
		{B9C646D5-9BA4-49C6-A9B9-415779749341}.Release|Any CPU.ActiveCfg = Release|Any CPU
		{B9C646D5-9BA4-49C6-A9B9-415779749341}.Release|Any CPU.Build.0 = Release|Any CPU
	EndGlobalSection
	GlobalSection(SolutionProperties) = preSolution
		HideSolutionNode = FALSE
	EndGlobalSection
	GlobalSection(ExtensibilityGlobals) = postSolution
		SolutionGuid = {20F72462-8BBA-4966-B942-8BD6EA1B0117}
	EndGlobalSection
EndGlobal
